
Microsoft Visual Studio Solution File, Format Version 12.00
# Visual Studio Version 17
VisualStudioVersion = 17.7.34202.233
MinimumVisualStudioVersion = 10.0.40219.1
Project("{FAE04EC0-301F-11D3-BF4B-00C04F79EFBC}") = "Alternion", "Alternion\Alternion.csproj", "{485C8A9D-C0D4-446A-991D-8CC835089F9E}"
EndProject
Global
	GlobalSection(SolutionConfigurationPlatforms) = preSolution
		botPlayer|Any CPU = botPlayer|Any CPU
		Debug|Any CPU = Debug|Any CPU
		Extras|Any CPU = Extras|Any CPU
		Release|Any CPU = Release|Any CPU
	EndGlobalSection
	GlobalSection(ProjectConfigurationPlatforms) = postSolution
		{485C8A9D-C0D4-446A-991D-8CC835089F9E}.botPlayer|Any CPU.ActiveCfg = botPlayer|Any CPU
		{485C8A9D-C0D4-446A-991D-8CC835089F9E}.botPlayer|Any CPU.Build.0 = botPlayer|Any CPU
		{485C8A9D-C0D4-446A-991D-8CC835089F9E}.Debug|Any CPU.ActiveCfg = Debug|Any CPU
		{485C8A9D-C0D4-446A-991D-8CC835089F9E}.Debug|Any CPU.Build.0 = Debug|Any CPU
		{485C8A9D-C0D4-446A-991D-8CC835089F9E}.Extras|Any CPU.ActiveCfg = Extras|Any CPU
		{485C8A9D-C0D4-446A-991D-8CC835089F9E}.Extras|Any CPU.Build.0 = Extras|Any CPU
		{485C8A9D-C0D4-446A-991D-8CC835089F9E}.Release|Any CPU.ActiveCfg = Release|Any CPU
		{485C8A9D-C0D4-446A-991D-8CC835089F9E}.Release|Any CPU.Build.0 = Release|Any CPU
	EndGlobalSection
	GlobalSection(SolutionProperties) = preSolution
		HideSolutionNode = FALSE
	EndGlobalSection
	GlobalSection(ExtensibilityGlobals) = postSolution
		SolutionGuid = {66E6EA74-B0D2-47FF-AE59-46A40E8E1260}
	EndGlobalSection
EndGlobal
